
Microsoft Visual Studio Solution File, Format Version 12.00
# Visual Studio Version 17
VisualStudioVersion = 17.6.33829.357
MinimumVisualStudioVersion = 10.0.40219.1
Project("{FAE04EC0-301F-11D3-BF4B-00C04F79EFBC}") = "repository", "repository\repository.csproj", "{FB0D4197-543C-4B63-B4E8-83F59527A0DF}"
EndProject
Project("{FAE04EC0-301F-11D3-BF4B-00C04F79EFBC}") = "entity", "entity\entity.csproj", "{E3D559AF-B295-461E-9EB6-6B02C9F2E342}"
EndProject
Project("{FAE04EC0-301F-11D3-BF4B-00C04F79EFBC}") = "services", "services\services.csproj", "{23868BC1-1926-41C6-A48B-DCE084C306CE}"
EndProject
Global
	GlobalSection(SolutionConfigurationPlatforms) = preSolution
		Debug|Any CPU = Debug|Any CPU
		Release|Any CPU = Release|Any CPU
	EndGlobalSection
	GlobalSection(ProjectConfigurationPlatforms) = postSolution
		{FB0D4197-543C-4B63-B4E8-83F59527A0DF}.Debug|Any CPU.ActiveCfg = Debug|Any CPU
		{FB0D4197-543C-4B63-B4E8-83F59527A0DF}.Debug|Any CPU.Build.0 = Debug|Any CPU
		{FB0D4197-543C-4B63-B4E8-83F59527A0DF}.Release|Any CPU.ActiveCfg = Release|Any CPU
		{FB0D4197-543C-4B63-B4E8-83F59527A0DF}.Release|Any CPU.Build.0 = Release|Any CPU
		{E3D559AF-B295-461E-9EB6-6B02C9F2E342}.Debug|Any CPU.ActiveCfg = Debug|Any CPU
		{E3D559AF-B295-461E-9EB6-6B02C9F2E342}.Debug|Any CPU.Build.0 = Debug|Any CPU
		{E3D559AF-B295-461E-9EB6-6B02C9F2E342}.Release|Any CPU.ActiveCfg = Release|Any CPU
		{E3D559AF-B295-461E-9EB6-6B02C9F2E342}.Release|Any CPU.Build.0 = Release|Any CPU
		{23868BC1-1926-41C6-A48B-DCE084C306CE}.Debug|Any CPU.ActiveCfg = Debug|Any CPU
		{23868BC1-1926-41C6-A48B-DCE084C306CE}.Debug|Any CPU.Build.0 = Debug|Any CPU
		{23868BC1-1926-41C6-A48B-DCE084C306CE}.Release|Any CPU.ActiveCfg = Release|Any CPU
		{23868BC1-1926-41C6-A48B-DCE084C306CE}.Release|Any CPU.Build.0 = Release|Any CPU
	EndGlobalSection
	GlobalSection(SolutionProperties) = preSolution
		HideSolutionNode = FALSE
	EndGlobalSection
	GlobalSection(ExtensibilityGlobals) = postSolution
		SolutionGuid = {74D9C7C5-DDD6-4053-9E2B-9327A8A2BAFC}
	EndGlobalSection
EndGlobal
